
Microsoft Visual Studio Solution File, Format Version 12.00
# Visual Studio Version 16
VisualStudioVersion = 16.0.29319.158
MinimumVisualStudioVersion = 10.0.40219.1
Project("{9A19103F-16F7-4668-BE54-9A1E7A4F7556}") = "Repository", "Repository\Repository.csproj", "{514EADDF-D00B-492D-9DB3-5745124F3AD9}"
EndProject
Project("{FAE04EC0-301F-11D3-BF4B-00C04F79EFBC}") = "Repository.Tests", "Repository.Tests\Repository.Tests.csproj", "{2005FEA6-19A2-4226-B3B6-C9718D433840}"
EndProject
Global
	GlobalSection(SolutionConfigurationPlatforms) = preSolution
		Debug|Any CPU = Debug|Any CPU
		Release|Any CPU = Release|Any CPU
	EndGlobalSection
	GlobalSection(ProjectConfigurationPlatforms) = postSolution
		{514EADDF-D00B-492D-9DB3-5745124F3AD9}.Debug|Any CPU.ActiveCfg = Debug|Any CPU
		{514EADDF-D00B-492D-9DB3-5745124F3AD9}.Debug|Any CPU.Build.0 = Debug|Any CPU
		{514EADDF-D00B-492D-9DB3-5745124F3AD9}.Release|Any CPU.ActiveCfg = Release|Any CPU
		{514EADDF-D00B-492D-9DB3-5745124F3AD9}.Release|Any CPU.Build.0 = Release|Any CPU
		{2005FEA6-19A2-4226-B3B6-C9718D433840}.Debug|Any CPU.ActiveCfg = Debug|Any CPU
		{2005FEA6-19A2-4226-B3B6-C9718D433840}.Debug|Any CPU.Build.0 = Debug|Any CPU
		{2005FEA6-19A2-4226-B3B6-C9718D433840}.Release|Any CPU.ActiveCfg = Release|Any CPU
		{2005FEA6-19A2-4226-B3B6-C9718D433840}.Release|Any CPU.Build.0 = Release|Any CPU
	EndGlobalSection
	GlobalSection(SolutionProperties) = preSolution
		HideSolutionNode = FALSE
	EndGlobalSection
	GlobalSection(ExtensibilityGlobals) = postSolution
		SolutionGuid = {0AA46832-6101-47D3-8633-74B1F097E9C9}
	EndGlobalSection
EndGlobal
